
Microsoft Visual Studio Solution File, Format Version 10.00
# Visual C++ Express 2008
Project("{8BC9CEB8-8B4A-11D0-8D11-00A0C91BC942}") = "ccfilter1", "ccfilter1\ccfilter1.vcproj", "{B8CC2945-B60E-41BA-8FA0-A806A01ACF7E}"
EndProject
Project("{8BC9CEB8-8B4A-11D0-8D11-00A0C91BC942}") = "ccfilter2", "ccfilter2\ccfilter2.vcproj", "{9A5589C9-96BB-4859-8CE2-AB670BF70D05}"
EndProject
Project("{8BC9CEB8-8B4A-11D0-8D11-00A0C91BC942}") = "ccfilter3", "ccfilter3\ccfilter3.vcproj", "{67B1898D-6CC5-4BD5-82E8-96DB4C98300F}"
EndProject
Project("{8BC9CEB8-8B4A-11D0-8D11-00A0C91BC942}") = "ccmanfilter", "ccmanfilter\ccmanfilter.vcproj", "{1C7D2990-E6E8-4A58-BF0C-033441D32AA1}"
EndProject
Project("{8BC9CEB8-8B4A-11D0-8D11-00A0C91BC942}") = "ccmsgque", "ccmsgque\ccmsgque.vcproj", "{69C189E1-3900-4E35-A55D-5E87B89AC5B2}"
EndProject
Project("{8BC9CEB8-8B4A-11D0-8D11-00A0C91BC942}") = "ccmulclient", "ccmulclient\ccmulclient.vcproj", "{FE578112-7F91-4998-AA2B-99F2BF5C3513}"
EndProject
Project("{8BC9CEB8-8B4A-11D0-8D11-00A0C91BC942}") = "ccmulserver", "ccmulserver\ccmulserver.vcproj", "{7C4A4B2F-BED7-4AF3-B94F-11713E88272C}"
EndProject
Project("{8BC9CEB8-8B4A-11D0-8D11-00A0C91BC942}") = "ccMyClient", "ccMyClient\ccMyClient.vcproj", "{6074950E-1A35-40AD-885D-2454E12CEA8F}"
EndProject
Project("{8BC9CEB8-8B4A-11D0-8D11-00A0C91BC942}") = "ccMyServer", "ccMyServer\ccMyServer.vcproj", "{F8CFD8CB-71AF-413F-94DF-F74C71795CCE}"
EndProject
Project("{8BC9CEB8-8B4A-11D0-8D11-00A0C91BC942}") = "ccserver", "ccserver\ccserver.vcproj", "{5D6EF2B6-EFDA-4FA0-BDC8-B57C35BDE378}"
EndProject
Project("{8BC9CEB8-8B4A-11D0-8D11-00A0C91BC942}") = "cctestclient", "cctestclient\cctestclient.vcproj", "{32150AC6-09AB-418A-8C53-DC7E332D70B6}"
EndProject
Project("{8BC9CEB8-8B4A-11D0-8D11-00A0C91BC942}") = "cctestserver", "cctestserver\cctestserver.vcproj", "{C906FA74-145B-4555-AA37-C65A1D01DA84}"
EndProject
Project("{8BC9CEB8-8B4A-11D0-8D11-00A0C91BC942}") = "ccfilter4", "ccfilter4\ccfilter4.vcproj", "{8A0F17E6-5496-4423-87B1-D34156E3E2D3}"
EndProject
Global
	GlobalSection(SolutionConfigurationPlatforms) = preSolution
		Debug|Win32 = Debug|Win32
		Release|Win32 = Release|Win32
	EndGlobalSection
	GlobalSection(ProjectConfigurationPlatforms) = postSolution
		{B8CC2945-B60E-41BA-8FA0-A806A01ACF7E}.Debug|Win32.ActiveCfg = Debug|Win32
		{B8CC2945-B60E-41BA-8FA0-A806A01ACF7E}.Debug|Win32.Build.0 = Debug|Win32
		{B8CC2945-B60E-41BA-8FA0-A806A01ACF7E}.Release|Win32.ActiveCfg = Release|Win32
		{B8CC2945-B60E-41BA-8FA0-A806A01ACF7E}.Release|Win32.Build.0 = Release|Win32
		{9A5589C9-96BB-4859-8CE2-AB670BF70D05}.Debug|Win32.ActiveCfg = Debug|Win32
		{9A5589C9-96BB-4859-8CE2-AB670BF70D05}.Debug|Win32.Build.0 = Debug|Win32
		{9A5589C9-96BB-4859-8CE2-AB670BF70D05}.Release|Win32.ActiveCfg = Release|Win32
		{9A5589C9-96BB-4859-8CE2-AB670BF70D05}.Release|Win32.Build.0 = Release|Win32
		{67B1898D-6CC5-4BD5-82E8-96DB4C98300F}.Debug|Win32.ActiveCfg = Debug|Win32
		{67B1898D-6CC5-4BD5-82E8-96DB4C98300F}.Debug|Win32.Build.0 = Debug|Win32
		{67B1898D-6CC5-4BD5-82E8-96DB4C98300F}.Release|Win32.ActiveCfg = Release|Win32
		{67B1898D-6CC5-4BD5-82E8-96DB4C98300F}.Release|Win32.Build.0 = Release|Win32
		{1C7D2990-E6E8-4A58-BF0C-033441D32AA1}.Debug|Win32.ActiveCfg = Debug|Win32
		{1C7D2990-E6E8-4A58-BF0C-033441D32AA1}.Debug|Win32.Build.0 = Debug|Win32
		{1C7D2990-E6E8-4A58-BF0C-033441D32AA1}.Release|Win32.ActiveCfg = Release|Win32
		{1C7D2990-E6E8-4A58-BF0C-033441D32AA1}.Release|Win32.Build.0 = Release|Win32
		{69C189E1-3900-4E35-A55D-5E87B89AC5B2}.Debug|Win32.ActiveCfg = Debug|Win32
		{69C189E1-3900-4E35-A55D-5E87B89AC5B2}.Debug|Win32.Build.0 = Debug|Win32
		{69C189E1-3900-4E35-A55D-5E87B89AC5B2}.Release|Win32.ActiveCfg = Release|Win32
		{69C189E1-3900-4E35-A55D-5E87B89AC5B2}.Release|Win32.Build.0 = Release|Win32
		{FE578112-7F91-4998-AA2B-99F2BF5C3513}.Debug|Win32.ActiveCfg = Debug|Win32
		{FE578112-7F91-4998-AA2B-99F2BF5C3513}.Debug|Win32.Build.0 = Debug|Win32
		{FE578112-7F91-4998-AA2B-99F2BF5C3513}.Release|Win32.ActiveCfg = Release|Win32
		{FE578112-7F91-4998-AA2B-99F2BF5C3513}.Release|Win32.Build.0 = Release|Win32
		{7C4A4B2F-BED7-4AF3-B94F-11713E88272C}.Debug|Win32.ActiveCfg = Debug|Win32
		{7C4A4B2F-BED7-4AF3-B94F-11713E88272C}.Debug|Win32.Build.0 = Debug|Win32
		{7C4A4B2F-BED7-4AF3-B94F-11713E88272C}.Release|Win32.ActiveCfg = Release|Win32
		{7C4A4B2F-BED7-4AF3-B94F-11713E88272C}.Release|Win32.Build.0 = Release|Win32
		{6074950E-1A35-40AD-885D-2454E12CEA8F}.Debug|Win32.ActiveCfg = Debug|Win32
		{6074950E-1A35-40AD-885D-2454E12CEA8F}.Debug|Win32.Build.0 = Debug|Win32
		{6074950E-1A35-40AD-885D-2454E12CEA8F}.Release|Win32.ActiveCfg = Release|Win32
		{6074950E-1A35-40AD-885D-2454E12CEA8F}.Release|Win32.Build.0 = Release|Win32
		{F8CFD8CB-71AF-413F-94DF-F74C71795CCE}.Debug|Win32.ActiveCfg = Debug|Win32
		{F8CFD8CB-71AF-413F-94DF-F74C71795CCE}.Debug|Win32.Build.0 = Debug|Win32
		{F8CFD8CB-71AF-413F-94DF-F74C71795CCE}.Release|Win32.ActiveCfg = Release|Win32
		{F8CFD8CB-71AF-413F-94DF-F74C71795CCE}.Release|Win32.Build.0 = Release|Win32
		{5D6EF2B6-EFDA-4FA0-BDC8-B57C35BDE378}.Debug|Win32.ActiveCfg = Debug|Win32
		{5D6EF2B6-EFDA-4FA0-BDC8-B57C35BDE378}.Debug|Win32.Build.0 = Debug|Win32
		{5D6EF2B6-EFDA-4FA0-BDC8-B57C35BDE378}.Release|Win32.ActiveCfg = Release|Win32
		{5D6EF2B6-EFDA-4FA0-BDC8-B57C35BDE378}.Release|Win32.Build.0 = Release|Win32
		{32150AC6-09AB-418A-8C53-DC7E332D70B6}.Debug|Win32.ActiveCfg = Debug|Win32
		{32150AC6-09AB-418A-8C53-DC7E332D70B6}.Debug|Win32.Build.0 = Debug|Win32
		{32150AC6-09AB-418A-8C53-DC7E332D70B6}.Release|Win32.ActiveCfg = Release|Win32
		{32150AC6-09AB-418A-8C53-DC7E332D70B6}.Release|Win32.Build.0 = Release|Win32
		{C906FA74-145B-4555-AA37-C65A1D01DA84}.Debug|Win32.ActiveCfg = Debug|Win32
		{C906FA74-145B-4555-AA37-C65A1D01DA84}.Debug|Win32.Build.0 = Debug|Win32
		{C906FA74-145B-4555-AA37-C65A1D01DA84}.Release|Win32.ActiveCfg = Release|Win32
		{C906FA74-145B-4555-AA37-C65A1D01DA84}.Release|Win32.Build.0 = Release|Win32
		{8A0F17E6-5496-4423-87B1-D34156E3E2D3}.Debug|Win32.ActiveCfg = Debug|Win32
		{8A0F17E6-5496-4423-87B1-D34156E3E2D3}.Debug|Win32.Build.0 = Debug|Win32
		{8A0F17E6-5496-4423-87B1-D34156E3E2D3}.Release|Win32.ActiveCfg = Release|Win32
		{8A0F17E6-5496-4423-87B1-D34156E3E2D3}.Release|Win32.Build.0 = Release|Win32
	EndGlobalSection
	GlobalSection(SolutionProperties) = preSolution
		HideSolutionNode = FALSE
	EndGlobalSection
EndGlobal
